
Microsoft Visual Studio Solution File, Format Version 12.00
# Visual Studio 2012
Project("{FAE04EC0-301F-11D3-BF4B-00C04F79EFBC}") = "WordReference.NET", "WordReference.NET\WordReference.NET.csproj", "{C8547E12-7918-4134-A776-E462618696DE}"
EndProject
Project("{FAE04EC0-301F-11D3-BF4B-00C04F79EFBC}") = "SampleApp", "SampleApp\SampleApp.csproj", "{BF771ED2-24AB-4EAA-8BD5-D89195467D57}"
EndProject
Global
	GlobalSection(SolutionConfigurationPlatforms) = preSolution
		Debug|Any CPU = Debug|Any CPU
		Release|Any CPU = Release|Any CPU
	EndGlobalSection
	GlobalSection(ProjectConfigurationPlatforms) = postSolution
		{BF771ED2-24AB-4EAA-8BD5-D89195467D57}.Debug|Any CPU.ActiveCfg = Debug|Any CPU
		{BF771ED2-24AB-4EAA-8BD5-D89195467D57}.Debug|Any CPU.Build.0 = Debug|Any CPU
		{BF771ED2-24AB-4EAA-8BD5-D89195467D57}.Release|Any CPU.ActiveCfg = Release|Any CPU
		{BF771ED2-24AB-4EAA-8BD5-D89195467D57}.Release|Any CPU.Build.0 = Release|Any CPU
		{C8547E12-7918-4134-A776-E462618696DE}.Debug|Any CPU.ActiveCfg = Debug|Any CPU
		{C8547E12-7918-4134-A776-E462618696DE}.Debug|Any CPU.Build.0 = Debug|Any CPU
		{C8547E12-7918-4134-A776-E462618696DE}.Release|Any CPU.ActiveCfg = Release|Any CPU
		{C8547E12-7918-4134-A776-E462618696DE}.Release|Any CPU.Build.0 = Release|Any CPU
	EndGlobalSection
	GlobalSection(SolutionProperties) = preSolution
		HideSolutionNode = FALSE
	EndGlobalSection
EndGlobal
